{
  "name": "node-transitive",
  "version": "1.0.0",
  "lockfileVersion": 3,
  "requires": true,
  "packages": {
    "": {
      "name": "node-transitive",
      "version": "1.0.0",
      "dependencies": {
        "parent-lib": "1.0.0"
      }
    },
    "node_modules/parent-lib": {
      "version": "1.0.0",
      "resolved": "https://registry.npmjs.org/parent-lib/-/parent-lib-1.0.0.tgz",
      "integrity": "sha512-parent",
      "dependencies": {
        "child-lib": "^2.0.0",
        "@types/node": "^18.19.0"
      }
    },
    "node_modules/child-lib": {
      "version": "2.1.0",
      "resolved": "https://registry.npmjs.org/child-lib/-/child-lib-2.1.0.tgz",
      "integrity": "sha512-child"
    },
    "node_modules/@types/node": {
      "version": "18.19.0",
      "resolved": "https://registry.npmjs.org/@types/node/-/node-18.19.0.tgz",
      "integrity": "sha512-types"
    }
  }
}
